
Microsoft Visual Studio Solution File, Format Version 12.00
# Visual Studio Version 17
VisualStudioVersion = 17.9.34902.65
MinimumVisualStudioVersion = 10.0.40219.1
Project("{FAE04EC0-301F-11D3-BF4B-00C04F79EFBC}") = "LAB6", "LAB6\LAB6.csproj", "{C42D6580-FCD7-4424-9A90-CD9EE6531B7F}"
EndProject
Global
	GlobalSection(SolutionConfigurationPlatforms) = preSolution
		Debug|Any CPU = Debug|Any CPU
		Release|Any CPU = Release|Any CPU
	EndGlobalSection
	GlobalSection(ProjectConfigurationPlatforms) = postSolution
		{C42D6580-FCD7-4424-9A90-CD9EE6531B7F}.Debug|Any CPU.ActiveCfg = Debug|Any CPU
		{C42D6580-FCD7-4424-9A90-CD9EE6531B7F}.Debug|Any CPU.Build.0 = Debug|Any CPU
		{C42D6580-FCD7-4424-9A90-CD9EE6531B7F}.Release|Any CPU.ActiveCfg = Release|Any CPU
		{C42D6580-FCD7-4424-9A90-CD9EE6531B7F}.Release|Any CPU.Build.0 = Release|Any CPU
	EndGlobalSection
	GlobalSection(SolutionProperties) = preSolution
		HideSolutionNode = FALSE
	EndGlobalSection
	GlobalSection(ExtensibilityGlobals) = postSolution
		SolutionGuid = {052B4DA9-E8A3-42AF-8FC4-CBDA9C8C51DC}
	EndGlobalSection
EndGlobal
